
Microsoft Visual Studio Solution File, Format Version 12.00
# Visual Studio Version 17
VisualStudioVersion = 17.7.34024.191
MinimumVisualStudioVersion = 10.0.40219.1
Project("{FAE04EC0-301F-11D3-BF4B-00C04F79EFBC}") = "DurableFunction", "DurableFunction.csproj", "{CAA08582-B628-4CC4-9F31-E805B66547FD}"
EndProject
Global
	GlobalSection(SolutionConfigurationPlatforms) = preSolution
		Debug|Any CPU = Debug|Any CPU
		Release|Any CPU = Release|Any CPU
	EndGlobalSection
	GlobalSection(ProjectConfigurationPlatforms) = postSolution
		{CAA08582-B628-4CC4-9F31-E805B66547FD}.Debug|Any CPU.ActiveCfg = Debug|Any CPU
		{CAA08582-B628-4CC4-9F31-E805B66547FD}.Debug|Any CPU.Build.0 = Debug|Any CPU
		{CAA08582-B628-4CC4-9F31-E805B66547FD}.Release|Any CPU.ActiveCfg = Release|Any CPU
		{CAA08582-B628-4CC4-9F31-E805B66547FD}.Release|Any CPU.Build.0 = Release|Any CPU
	EndGlobalSection
	GlobalSection(SolutionProperties) = preSolution
		HideSolutionNode = FALSE
	EndGlobalSection
	GlobalSection(ExtensibilityGlobals) = postSolution
		SolutionGuid = {1CBDC280-E11A-453A-8D7E-2915F0F557F8}
	EndGlobalSection
EndGlobal
